{
  "name": "noodles-utils",
  "version": "0.0.2",
  "lockfileVersion": 1,
  "requires": true,
  "dependencies": {
    "D": {
      "version": "1.0.0",
      "resolved": "http://snpm.cnsuning.com/D/-/D-1.0.0.tgz",
      "integrity": "sha1-w0ik4DT3KEe+USBvxTD8CJ6cwqk="
    },
    "cross-port-killer": {
      "version": "1.2.1",
      "resolved": "http://snpm.cnsuning.com/cross-port-killer/-/cross-port-killer-1.2.1.tgz",
      "integrity": "sha1-MPWRLbp1jiWuJQ/rFmh6RyFCyO8="
    },
    "is-wsl": {
      "version": "1.1.0",
      "resolved": "http://snpm.cnsuning.com/is-wsl/-/is-wsl-1.1.0.tgz",
      "integrity": "sha1-HxbkqiKwTRM2tmGIpmrzxgDDpm0=",
      "dev": true
    },
    "node-http-server": {
      "version": "8.1.2",
      "resolved": "http://snpm.cnsuning.com/node-http-server/-/node-http-server-8.1.2.tgz",
      "integrity": "sha1-uSeC4D1UWzW/+Hkf+MdBIhoVi1o=",
      "dev": true
    },
    "opn": {
      "version": "6.0.0",
      "resolved": "http://snpm.cnsuning.com/opn/-/opn-6.0.0.tgz",
      "integrity": "sha1-PFsNtnbV+X2hIz0e1C0YK8WifS0=",
      "dev": true,
      "requires": {
        "is-wsl": "^1.1.0"
      }
    }
  }
}
